{
  "object": {
    "pins": [
      {
        "package": "Fluxor",
        "repositoryURL": "https://github.com/FluxorOrg/Fluxor",
        "state": {
          "branch": null,
          "revision": "f15306d661b26a568651a179e583c0e8f6033add",
          "version": "4.0.0"
        }
      },
      {
        "package": "ViewInspector",
        "repositoryURL": "https://github.com/nalexn/ViewInspector",
        "state": {
          "branch": null,
          "revision": "a9b0d2af51b8afbbcb6a3e1005aabf8726852a77",
          "version": "0.8.1"
        }
      }
    ]
  },
  "version": 1
}
