{
  "object": {
    "pins": [
      {
        "package": "AnyCodable",
        "repositoryURL": "https://github.com/Flight-School/AnyCodable",
        "state": {
          "branch": null,
          "revision": "6e9610258e9f1044b5e0d88545052846448b43c3",
          "version": "0.2.3"
        }
      },
      {
        "package": "Fluxor",
        "repositoryURL": "git@github.com:MortenGregersen/Fluxor.git",
        "state": {
          "branch": "master",
          "revision": "99858219de605f54e7c51063895cbb7e7ad0ffe2",
          "version": null
        }
      },
      {
        "package": "FluxorExplorerSnapshot",
        "repositoryURL": "git@github.com:MortenGregersen/FluxorExplorerSnapshot.git",
        "state": {
          "branch": "master",
          "revision": "a78416d3f6c21c12ee1731067e778b6f2a5dcc96",
          "version": null
        }
      }
    ]
  },
  "version": 1
}
