{
  "object": {
    "pins": [
      {
        "package": "AnyCodable",
        "repositoryURL": "https://github.com/Flight-School/AnyCodable",
        "state": {
          "branch": null,
          "revision": "6e9610258e9f1044b5e0d88545052846448b43c3",
          "version": "0.2.3"
        }
      },
      {
        "package": "Fluxor",
        "repositoryURL": "git@github.com:MortenGregersen/Fluxor.git",
        "state": {
          "branch": "master",
          "revision": "4f447c4e793aabcc05aa6443b5e499855cee04c3",
          "version": null
        }
      },
      {
        "package": "FluxorExplorerSnapshot",
        "repositoryURL": "git@github.com:MortenGregersen/FluxorExplorerSnapshot.git",
        "state": {
          "branch": "master",
          "revision": "f161f3750699661f20b9a908a9b20e42dcfd9f0c",
          "version": null
        }
      }
    ]
  },
  "version": 1
}
