{
  "object": {
    "pins": [
      {
        "package": "Fluxor",
        "repositoryURL": "https://github.com/FluxorOrg/Fluxor.git",
        "state": {
          "branch": null,
          "revision": "8ba79ce406138938229c22c6d91932fe11a54f5c",
          "version": "1.0.0"
        }
      },
      {
        "package": "FluxorExplorerSnapshot",
        "repositoryURL": "https://github.com/FluxorOrg/FluxorExplorerSnapshot.git",
        "state": {
          "branch": null,
          "revision": "e3b5799238d42faa19c0cc2515bd4497529c2b8d",
          "version": "1.0.0"
        }
      },
      {
        "package": "ViewInspector",
        "repositoryURL": "https://github.com/nalexn/ViewInspector",
        "state": {
          "branch": null,
          "revision": "7c860bb80c355590af18ef7dc4e9ac019ee23540",
          "version": "0.3.9"
        }
      }
    ]
  },
  "version": 1
}
