{
  "object": {
    "pins": [
      {
        "package": "Fluxor",
        "repositoryURL": "https://github.com/FluxorOrg/Fluxor",
        "state": {
          "branch": null,
          "revision": "35b2a6aba3f768deb75f1dd1ab468438e4dd5c90",
          "version": "3.0.0"
        }
      },
      {
        "package": "FluxorExplorerSnapshot",
        "repositoryURL": "https://github.com/FluxorOrg/FluxorExplorerSnapshot",
        "state": {
          "branch": null,
          "revision": "7b1d5676227b31e41a795a9210df396e5d04e4e6",
          "version": "3.0.0"
        }
      }
    ]
  },
  "version": 1
}
